
Microsoft Visual Studio Solution File, Format Version 12.00
# Visual Studio Version 16
VisualStudioVersion = 16.0.30114.105
MinimumVisualStudioVersion = 10.0.40219.1
Project("{FAE04EC0-301F-11D3-BF4B-00C04F79EFBC}") = "DotnetApiCra", "src\DotnetApiCra.csproj", "{C30A7140-D2B4-4076-BFC9-716D0B7FD25B}"
EndProject
Project("{FAE04EC0-301F-11D3-BF4B-00C04F79EFBC}") = "DotnetApiCra.Tests", "tests\DotnetApiCra.Tests.csproj", "{1548C531-C1C3-4208-B138-D87B10EE4E04}"
EndProject
Global
	GlobalSection(SolutionConfigurationPlatforms) = preSolution
		Debug|Any CPU = Debug|Any CPU
		Release|Any CPU = Release|Any CPU
	EndGlobalSection
	GlobalSection(SolutionProperties) = preSolution
		HideSolutionNode = FALSE
	EndGlobalSection
	GlobalSection(ProjectConfigurationPlatforms) = postSolution
		{C30A7140-D2B4-4076-BFC9-716D0B7FD25B}.Debug|Any CPU.ActiveCfg = Debug|Any CPU
		{C30A7140-D2B4-4076-BFC9-716D0B7FD25B}.Debug|Any CPU.Build.0 = Debug|Any CPU
		{C30A7140-D2B4-4076-BFC9-716D0B7FD25B}.Release|Any CPU.ActiveCfg = Release|Any CPU
		{C30A7140-D2B4-4076-BFC9-716D0B7FD25B}.Release|Any CPU.Build.0 = Release|Any CPU
		{1548C531-C1C3-4208-B138-D87B10EE4E04}.Debug|Any CPU.ActiveCfg = Debug|Any CPU
		{1548C531-C1C3-4208-B138-D87B10EE4E04}.Debug|Any CPU.Build.0 = Debug|Any CPU
		{1548C531-C1C3-4208-B138-D87B10EE4E04}.Release|Any CPU.ActiveCfg = Release|Any CPU
		{1548C531-C1C3-4208-B138-D87B10EE4E04}.Release|Any CPU.Build.0 = Release|Any CPU
	EndGlobalSection
EndGlobal
